
Microsoft Visual Studio Solution File, Format Version 12.00
# Visual Studio Version 17
VisualStudioVersion = 17.11.35327.3
MinimumVisualStudioVersion = 10.0.40219.1
Project("{8BC9CEB8-8B4A-11D0-8D11-00A0C91BC942}") = "home-7-2-1", "home-7-2-1\home-7-2-1.vcxproj", "{5CD014AB-0DD5-431E-98B5-48E321D5D700}"
EndProject
Global
	GlobalSection(SolutionConfigurationPlatforms) = preSolution
		Debug|x64 = Debug|x64
		Debug|x86 = Debug|x86
		Release|x64 = Release|x64
		Release|x86 = Release|x86
	EndGlobalSection
	GlobalSection(ProjectConfigurationPlatforms) = postSolution
		{5CD014AB-0DD5-431E-98B5-48E321D5D700}.Debug|x64.ActiveCfg = Debug|x64
		{5CD014AB-0DD5-431E-98B5-48E321D5D700}.Debug|x64.Build.0 = Debug|x64
		{5CD014AB-0DD5-431E-98B5-48E321D5D700}.Debug|x86.ActiveCfg = Debug|Win32
		{5CD014AB-0DD5-431E-98B5-48E321D5D700}.Debug|x86.Build.0 = Debug|Win32
		{5CD014AB-0DD5-431E-98B5-48E321D5D700}.Release|x64.ActiveCfg = Release|x64
		{5CD014AB-0DD5-431E-98B5-48E321D5D700}.Release|x64.Build.0 = Release|x64
		{5CD014AB-0DD5-431E-98B5-48E321D5D700}.Release|x86.ActiveCfg = Release|Win32
		{5CD014AB-0DD5-431E-98B5-48E321D5D700}.Release|x86.Build.0 = Release|Win32
	EndGlobalSection
	GlobalSection(SolutionProperties) = preSolution
		HideSolutionNode = FALSE
	EndGlobalSection
	GlobalSection(ExtensibilityGlobals) = postSolution
		SolutionGuid = {AB5F328F-C916-4799-BF35-747266F89778}
	EndGlobalSection
EndGlobal
